{
  "name": "aicite-repo",
  "lockfileVersion": 3,
  "requires": true,
  "packages": {
    "": {
      "name": "aicite-repo",
      "workspaces": [
        "npx"
      ]
    },
    "node_modules/aicite": {
      "resolved": "npx",
      "link": true
    },
    "npx": {
      "name": "aicite",
      "version": "0.0.2",
      "license": "MIT",
      "bin": {
        "aicite": "bin/aicite.js"
      },
      "engines": {
        "node": ">=18"
      }
    }
  }
}
