{
  "name": "aicite",
  "version": "0.0.4",
  "lockfileVersion": 3,
  "requires": true,
  "packages": {
    "": {
      "name": "aicite",
      "version": "0.0.4",
      "license": "MIT",
      "bin": {
        "aicite": "bin/aicite.js"
      },
      "engines": {
        "node": ">=18"
      }
    }
  }
}
